// !$*UTF8*$!
{
	archiveVersion = 1;
	classes = {
	};
	objectVersion = 56;
	objects = {

/* Begin PBXBuildFile section */
		2937DD9F2A7BAD320095988F /* DuckDB in Frameworks */ = {isa = PBXBuildFile; productRef = 2937DD9E2A7BAD320095988F /* DuckDB */; };
		2937DDA12A7BD51F0095988F /* DuckDBView.swift in Sources */ = {isa = PBXBuildFile; fileRef = 2937DDA02A7BD51F0095988F /* DuckDBView.swift */; };
		2937DDA22A7BD51F0095988F /* DuckDBView.swift in Sources */ = {isa = PBXBuildFile; fileRef = 2937DDA02A7BD51F0095988F /* DuckDBView.swift */; };
		2937DDA32A7BD51F0095988F /* DuckDBView.swift in Sources */ = {isa = PBXBuildFile; fileRef = 2937DDA02A7BD51F0095988F /* DuckDBView.swift */; };
		2937DDA52A7BD6910095988F /* ContentView.swift in Sources */ = {isa = PBXBuildFile; fileRef = 2937DDA42A7BD6910095988F /* ContentView.swift */; };
		2937DDA62A7BD6910095988F /* ContentView.swift in Sources */ = {isa = PBXBuildFile; fileRef = 2937DDA42A7BD6910095988F /* ContentView.swift */; };
		2937DDA72A7BD6910095988F /* ContentView.swift in Sources */ = {isa = PBXBuildFile; fileRef = 2937DDA42A7BD6910095988F /* ContentView.swift */; };
		2937DDAA2A7BDF7D0095988F /* Realm in Frameworks */ = {isa = PBXBuildFile; productRef = 2937DDA92A7BDF7D0095988F /* Realm */; };
		2937DDAC2A7BDF7D0095988F /* RealmSwift in Frameworks */ = {isa = PBXBuildFile; productRef = 2937DDAB2A7BDF7D0095988F /* RealmSwift */; };
		2937DDB02A7BE1680095988F /* TPCHData.swift in Sources */ = {isa = PBXBuildFile; fileRef = 2937DDAF2A7BE1680095988F /* TPCHData.swift */; };
		2937DDB12A7BE1680095988F /* TPCHData.swift in Sources */ = {isa = PBXBuildFile; fileRef = 2937DDAF2A7BE1680095988F /* TPCHData.swift */; };
		2937DDB22A7BE1680095988F /* TPCHData.swift in Sources */ = {isa = PBXBuildFile; fileRef = 2937DDAF2A7BE1680095988F /* TPCHData.swift */; };
		2937DDB42A7BE6B70095988F /* RealmObjects.swift in Sources */ = {isa = PBXBuildFile; fileRef = 2937DDB32A7BE6B70095988F /* RealmObjects.swift */; };
		2937DDB52A7BE6B70095988F /* RealmObjects.swift in Sources */ = {isa = PBXBuildFile; fileRef = 2937DDB32A7BE6B70095988F /* RealmObjects.swift */; };
		2937DDB62A7BE6B70095988F /* RealmObjects.swift in Sources */ = {isa = PBXBuildFile; fileRef = 2937DDB32A7BE6B70095988F /* RealmObjects.swift */; };
		298CD4C22A7BA8EC000E5DD0 /* benchmarksApp.swift in Sources */ = {isa = PBXBuildFile; fileRef = 298CD4C12A7BA8EC000E5DD0 /* benchmarksApp.swift */; };
		298CD4C42A7BA8EC000E5DD0 /* Persistence.swift in Sources */ = {isa = PBXBuildFile; fileRef = 298CD4C32A7BA8EC000E5DD0 /* Persistence.swift */; };
		298CD4C72A7BA8EC000E5DD0 /* benchmarks.xcdatamodeld in Sources */ = {isa = PBXBuildFile; fileRef = 298CD4C52A7BA8EC000E5DD0 /* benchmarks.xcdatamodeld */; };
		298CD4CB2A7BA8ED000E5DD0 /* Assets.xcassets in Resources */ = {isa = PBXBuildFile; fileRef = 298CD4CA2A7BA8ED000E5DD0 /* Assets.xcassets */; };
		298CD4CF2A7BA8ED000E5DD0 /* Preview Assets.xcassets in Resources */ = {isa = PBXBuildFile; fileRef = 298CD4CE2A7BA8ED000E5DD0 /* Preview Assets.xcassets */; };
		298CD4D92A7BA8ED000E5DD0 /* benchmarksTests.swift in Sources */ = {isa = PBXBuildFile; fileRef = 298CD4D82A7BA8ED000E5DD0 /* benchmarksTests.swift */; };
		298CD4E32A7BA8ED000E5DD0 /* benchmarksUITests.swift in Sources */ = {isa = PBXBuildFile; fileRef = 298CD4E22A7BA8ED000E5DD0 /* benchmarksUITests.swift */; };
		298CD4E52A7BA8ED000E5DD0 /* benchmarksUITestsLaunchTests.swift in Sources */ = {isa = PBXBuildFile; fileRef = 298CD4E42A7BA8ED000E5DD0 /* benchmarksUITestsLaunchTests.swift */; };
/* End PBXBuildFile section */

/* Begin PBXContainerItemProxy section */
		298CD4D52A7BA8ED000E5DD0 /* PBXContainerItemProxy */ = {
			isa = PBXContainerItemProxy;
			containerPortal = 298CD4B62A7BA8EC000E5DD0 /* Project object */;
			proxyType = 1;
			remoteGlobalIDString = 298CD4BD2A7BA8EC000E5DD0;
			remoteInfo = benchmarks;
		};
		298CD4DF2A7BA8ED000E5DD0 /* PBXContainerItemProxy */ = {
			isa = PBXContainerItemProxy;
			containerPortal = 298CD4B62A7BA8EC000E5DD0 /* Project object */;
			proxyType = 1;
			remoteGlobalIDString = 298CD4BD2A7BA8EC000E5DD0;
			remoteInfo = benchmarks;
		};
/* End PBXContainerItemProxy section */

/* Begin PBXFileReference section */
		2937DDA02A7BD51F0095988F /* DuckDBView.swift */ = {isa = PBXFileReference; lastKnownFileType = sourcecode.swift; path = DuckDBView.swift; sourceTree = "<group>"; };
		2937DDA42A7BD6910095988F /* ContentView.swift */ = {isa = PBXFileReference; fileEncoding = 4; lastKnownFileType = sourcecode.swift; path = ContentView.swift; sourceTree = "<group>"; };
		2937DDAF2A7BE1680095988F /* TPCHData.swift */ = {isa = PBXFileReference; lastKnownFileType = sourcecode.swift; path = TPCHData.swift; sourceTree = "<group>"; };
		2937DDB32A7BE6B70095988F /* RealmObjects.swift */ = {isa = PBXFileReference; lastKnownFileType = sourcecode.swift; path = RealmObjects.swift; sourceTree = "<group>"; };
		298CD4BE2A7BA8EC000E5DD0 /* benchmarks.app */ = {isa = PBXFileReference; explicitFileType = wrapper.application; includeInIndex = 0; path = benchmarks.app; sourceTree = BUILT_PRODUCTS_DIR; };
		298CD4C12A7BA8EC000E5DD0 /* benchmarksApp.swift */ = {isa = PBXFileReference; lastKnownFileType = sourcecode.swift; path = benchmarksApp.swift; sourceTree = "<group>"; };
		298CD4C32A7BA8EC000E5DD0 /* Persistence.swift */ = {isa = PBXFileReference; lastKnownFileType = sourcecode.swift; path = Persistence.swift; sourceTree = "<group>"; };
		298CD4C62A7BA8EC000E5DD0 /* benchmarks.xcdatamodel */ = {isa = PBXFileReference; lastKnownFileType = wrapper.xcdatamodel; path = benchmarks.xcdatamodel; sourceTree = "<group>"; };
		298CD4CA2A7BA8ED000E5DD0 /* Assets.xcassets */ = {isa = PBXFileReference; lastKnownFileType = folder.assetcatalog; path = Assets.xcassets; sourceTree = "<group>"; };
		298CD4CC2A7BA8ED000E5DD0 /* benchmarks.entitlements */ = {isa = PBXFileReference; lastKnownFileType = text.plist.entitlements; path = benchmarks.entitlements; sourceTree = "<group>"; };
		298CD4CE2A7BA8ED000E5DD0 /* Preview Assets.xcassets */ = {isa = PBXFileReference; lastKnownFileType = folder.assetcatalog; path = "Preview Assets.xcassets"; sourceTree = "<group>"; };
		298CD4D42A7BA8ED000E5DD0 /* benchmarksTests.xctest */ = {isa = PBXFileReference; explicitFileType = wrapper.cfbundle; includeInIndex = 0; path = benchmarksTests.xctest; sourceTree = BUILT_PRODUCTS_DIR; };
		298CD4D82A7BA8ED000E5DD0 /* benchmarksTests.swift */ = {isa = PBXFileReference; lastKnownFileType = sourcecode.swift; path = benchmarksTests.swift; sourceTree = "<group>"; };
		298CD4DE2A7BA8ED000E5DD0 /* benchmarksUITests.xctest */ = {isa = PBXFileReference; explicitFileType = wrapper.cfbundle; includeInIndex = 0; path = benchmarksUITests.xctest; sourceTree = BUILT_PRODUCTS_DIR; };
		298CD4E22A7BA8ED000E5DD0 /* benchmarksUITests.swift */ = {isa = PBXFileReference; lastKnownFileType = sourcecode.swift; path = benchmarksUITests.swift; sourceTree = "<group>"; };
		298CD4E42A7BA8ED000E5DD0 /* benchmarksUITestsLaunchTests.swift */ = {isa = PBXFileReference; lastKnownFileType = sourcecode.swift; path = benchmarksUITestsLaunchTests.swift; sourceTree = "<group>"; };
/* End PBXFileReference section */

/* Begin PBXFrameworksBuildPhase section */
		298CD4BB2A7BA8EC000E5DD0 /* Frameworks */ = {
			isa = PBXFrameworksBuildPhase;
			buildActionMask = 2147483647;
			files = (
				2937DDAC2A7BDF7D0095988F /* RealmSwift in Frameworks */,
				2937DDAA2A7BDF7D0095988F /* Realm in Frameworks */,
				2937DD9F2A7BAD320095988F /* DuckDB in Frameworks */,
			);
			runOnlyForDeploymentPostprocessing = 0;
		};
		298CD4D12A7BA8ED000E5DD0 /* Frameworks */ = {
			isa = PBXFrameworksBuildPhase;
			buildActionMask = 2147483647;
			files = (
			);
			runOnlyForDeploymentPostprocessing = 0;
		};
		298CD4DB2A7BA8ED000E5DD0 /* Frameworks */ = {
			isa = PBXFrameworksBuildPhase;
			buildActionMask = 2147483647;
			files = (
			);
			runOnlyForDeploymentPostprocessing = 0;
		};
/* End PBXFrameworksBuildPhase section */

/* Begin PBXGroup section */
		2937DDAD2A7BE1370095988F /* TPCHData */ = {
			isa = PBXGroup;
			children = (
				2937DDAF2A7BE1680095988F /* TPCHData.swift */,
			);
			path = TPCHData;
			sourceTree = "<group>";
		};
		2937DDAE2A7BE1480095988F /* RealmBenchmarks */ = {
			isa = PBXGroup;
			children = (
				2937DDB32A7BE6B70095988F /* RealmObjects.swift */,
			);
			path = RealmBenchmarks;
			sourceTree = "<group>";
		};
		298CD4B52A7BA8EC000E5DD0 = {
			isa = PBXGroup;
			children = (
				298CD4C02A7BA8EC000E5DD0 /* benchmarks */,
				298CD4D72A7BA8ED000E5DD0 /* benchmarksTests */,
				298CD4E12A7BA8ED000E5DD0 /* benchmarksUITests */,
				298CD4BF2A7BA8EC000E5DD0 /* Products */,
			);
			sourceTree = "<group>";
		};
		298CD4BF2A7BA8EC000E5DD0 /* Products */ = {
			isa = PBXGroup;
			children = (
				298CD4BE2A7BA8EC000E5DD0 /* benchmarks.app */,
				298CD4D42A7BA8ED000E5DD0 /* benchmarksTests.xctest */,
				298CD4DE2A7BA8ED000E5DD0 /* benchmarksUITests.xctest */,
			);
			name = Products;
			sourceTree = "<group>";
		};
		298CD4C02A7BA8EC000E5DD0 /* benchmarks */ = {
			isa = PBXGroup;
			children = (
				2937DDAE2A7BE1480095988F /* RealmBenchmarks */,
				2937DDAD2A7BE1370095988F /* TPCHData */,
				298CD4C12A7BA8EC000E5DD0 /* benchmarksApp.swift */,
				2937DDA42A7BD6910095988F /* ContentView.swift */,
				298CD4C32A7BA8EC000E5DD0 /* Persistence.swift */,
				2937DDA02A7BD51F0095988F /* DuckDBView.swift */,
				298CD4CA2A7BA8ED000E5DD0 /* Assets.xcassets */,
				298CD4CC2A7BA8ED000E5DD0 /* benchmarks.entitlements */,
				298CD4C52A7BA8EC000E5DD0 /* benchmarks.xcdatamodeld */,
				298CD4CD2A7BA8ED000E5DD0 /* Preview Content */,
			);
			path = benchmarks;
			sourceTree = "<group>";
		};
		298CD4CD2A7BA8ED000E5DD0 /* Preview Content */ = {
			isa = PBXGroup;
			children = (
				298CD4CE2A7BA8ED000E5DD0 /* Preview Assets.xcassets */,
			);
			path = "Preview Content";
			sourceTree = "<group>";
		};
		298CD4D72A7BA8ED000E5DD0 /* benchmarksTests */ = {
			isa = PBXGroup;
			children = (
				298CD4D82A7BA8ED000E5DD0 /* benchmarksTests.swift */,
			);
			path = benchmarksTests;
			sourceTree = "<group>";
		};
		298CD4E12A7BA8ED000E5DD0 /* benchmarksUITests */ = {
			isa = PBXGroup;
			children = (
				298CD4E22A7BA8ED000E5DD0 /* benchmarksUITests.swift */,
				298CD4E42A7BA8ED000E5DD0 /* benchmarksUITestsLaunchTests.swift */,
			);
			path = benchmarksUITests;
			sourceTree = "<group>";
		};
/* End PBXGroup section */

/* Begin PBXNativeTarget section */
		298CD4BD2A7BA8EC000E5DD0 /* benchmarks */ = {
			isa = PBXNativeTarget;
			buildConfigurationList = 298CD4E82A7BA8ED000E5DD0 /* Build configuration list for PBXNativeTarget "benchmarks" */;
			buildPhases = (
				298CD4BA2A7BA8EC000E5DD0 /* Sources */,
				298CD4BB2A7BA8EC000E5DD0 /* Frameworks */,
				298CD4BC2A7BA8EC000E5DD0 /* Resources */,
			);
			buildRules = (
			);
			dependencies = (
			);
			name = benchmarks;
			packageProductDependencies = (
				2937DD9E2A7BAD320095988F /* DuckDB */,
				2937DDA92A7BDF7D0095988F /* Realm */,
				2937DDAB2A7BDF7D0095988F /* RealmSwift */,
			);
			productName = benchmarks;
			productReference = 298CD4BE2A7BA8EC000E5DD0 /* benchmarks.app */;
			productType = "com.apple.product-type.application";
		};
		298CD4D32A7BA8ED000E5DD0 /* benchmarksTests */ = {
			isa = PBXNativeTarget;
			buildConfigurationList = 298CD4EB2A7BA8ED000E5DD0 /* Build configuration list for PBXNativeTarget "benchmarksTests" */;
			buildPhases = (
				298CD4D02A7BA8ED000E5DD0 /* Sources */,
				298CD4D12A7BA8ED000E5DD0 /* Frameworks */,
				298CD4D22A7BA8ED000E5DD0 /* Resources */,
			);
			buildRules = (
			);
			dependencies = (
				298CD4D62A7BA8ED000E5DD0 /* PBXTargetDependency */,
			);
			name = benchmarksTests;
			productName = benchmarksTests;
			productReference = 298CD4D42A7BA8ED000E5DD0 /* benchmarksTests.xctest */;
			productType = "com.apple.product-type.bundle.unit-test";
		};
		298CD4DD2A7BA8ED000E5DD0 /* benchmarksUITests */ = {
			isa = PBXNativeTarget;
			buildConfigurationList = 298CD4EE2A7BA8ED000E5DD0 /* Build configuration list for PBXNativeTarget "benchmarksUITests" */;
			buildPhases = (
				298CD4DA2A7BA8ED000E5DD0 /* Sources */,
				298CD4DB2A7BA8ED000E5DD0 /* Frameworks */,
				298CD4DC2A7BA8ED000E5DD0 /* Resources */,
			);
			buildRules = (
			);
			dependencies = (
				298CD4E02A7BA8ED000E5DD0 /* PBXTargetDependency */,
			);
			name = benchmarksUITests;
			productName = benchmarksUITests;
			productReference = 298CD4DE2A7BA8ED000E5DD0 /* benchmarksUITests.xctest */;
			productType = "com.apple.product-type.bundle.ui-testing";
		};
/* End PBXNativeTarget section */

/* Begin PBXProject section */
		298CD4B62A7BA8EC000E5DD0 /* Project object */ = {
			isa = PBXProject;
			attributes = {
				BuildIndependentTargetsInParallel = 1;
				LastSwiftUpdateCheck = 1430;
				LastUpgradeCheck = 1430;
				TargetAttributes = {
					298CD4BD2A7BA8EC000E5DD0 = {
						CreatedOnToolsVersion = 14.3.1;
					};
					298CD4D32A7BA8ED000E5DD0 = {
						CreatedOnToolsVersion = 14.3.1;
						TestTargetID = 298CD4BD2A7BA8EC000E5DD0;
					};
					298CD4DD2A7BA8ED000E5DD0 = {
						CreatedOnToolsVersion = 14.3.1;
						TestTargetID = 298CD4BD2A7BA8EC000E5DD0;
					};
				};
			};
			buildConfigurationList = 298CD4B92A7BA8EC000E5DD0 /* Build configuration list for PBXProject "benchmarks" */;
			compatibilityVersion = "Xcode 14.0";
			developmentRegion = en;
			hasScannedForEncodings = 0;
			knownRegions = (
				en,
				Base,
			);
			mainGroup = 298CD4B52A7BA8EC000E5DD0;
			packageReferences = (
				2937DD9D2A7BAD320095988F /* XCRemoteSwiftPackageReference "duckdb-swift" */,
				2937DDA82A7BDF7D0095988F /* XCRemoteSwiftPackageReference "realm-swift" */,
			);
			productRefGroup = 298CD4BF2A7BA8EC000E5DD0 /* Products */;
			projectDirPath = "";
			projectRoot = "";
			targets = (
				298CD4BD2A7BA8EC000E5DD0 /* benchmarks */,
				298CD4D32A7BA8ED000E5DD0 /* benchmarksTests */,
				298CD4DD2A7BA8ED000E5DD0 /* benchmarksUITests */,
			);
		};
/* End PBXProject section */

/* Begin PBXResourcesBuildPhase section */
		298CD4BC2A7BA8EC000E5DD0 /* Resources */ = {
			isa = PBXResourcesBuildPhase;
			buildActionMask = 2147483647;
			files = (
				298CD4CF2A7BA8ED000E5DD0 /* Preview Assets.xcassets in Resources */,
				298CD4CB2A7BA8ED000E5DD0 /* Assets.xcassets in Resources */,
			);
			runOnlyForDeploymentPostprocessing = 0;
		};
		298CD4D22A7BA8ED000E5DD0 /* Resources */ = {
			isa = PBXResourcesBuildPhase;
			buildActionMask = 2147483647;
			files = (
			);
			runOnlyForDeploymentPostprocessing = 0;
		};
		298CD4DC2A7BA8ED000E5DD0 /* Resources */ = {
			isa = PBXResourcesBuildPhase;
			buildActionMask = 2147483647;
			files = (
			);
			runOnlyForDeploymentPostprocessing = 0;
		};
/* End PBXResourcesBuildPhase section */

/* Begin PBXSourcesBuildPhase section */
		298CD4BA2A7BA8EC000E5DD0 /* Sources */ = {
			isa = PBXSourcesBuildPhase;
			buildActionMask = 2147483647;
			files = (
				2937DDB02A7BE1680095988F /* TPCHData.swift in Sources */,
				298CD4C22A7BA8EC000E5DD0 /* benchmarksApp.swift in Sources */,
				2937DDB42A7BE6B70095988F /* RealmObjects.swift in Sources */,
				2937DDA52A7BD6910095988F /* ContentView.swift in Sources */,
				298CD4C42A7BA8EC000E5DD0 /* Persistence.swift in Sources */,
				2937DDA12A7BD51F0095988F /* DuckDBView.swift in Sources */,
				298CD4C72A7BA8EC000E5DD0 /* benchmarks.xcdatamodeld in Sources */,
			);
			runOnlyForDeploymentPostprocessing = 0;
		};
		298CD4D02A7BA8ED000E5DD0 /* Sources */ = {
			isa = PBXSourcesBuildPhase;
			buildActionMask = 2147483647;
			files = (
				2937DDB12A7BE1680095988F /* TPCHData.swift in Sources */,
				298CD4D92A7BA8ED000E5DD0 /* benchmarksTests.swift in Sources */,
				2937DDA22A7BD51F0095988F /* DuckDBView.swift in Sources */,
				2937DDA62A7BD6910095988F /* ContentView.swift in Sources */,
				2937DDB52A7BE6B70095988F /* RealmObjects.swift in Sources */,
			);
			runOnlyForDeploymentPostprocessing = 0;
		};
		298CD4DA2A7BA8ED000E5DD0 /* Sources */ = {
			isa = PBXSourcesBuildPhase;
			buildActionMask = 2147483647;
			files = (
				2937DDB62A7BE6B70095988F /* RealmObjects.swift in Sources */,
				2937DDA32A7BD51F0095988F /* DuckDBView.swift in Sources */,
				298CD4E52A7BA8ED000E5DD0 /* benchmarksUITestsLaunchTests.swift in Sources */,
				2937DDA72A7BD6910095988F /* ContentView.swift in Sources */,
				298CD4E32A7BA8ED000E5DD0 /* benchmarksUITests.swift in Sources */,
				2937DDB22A7BE1680095988F /* TPCHData.swift in Sources */,
			);
			runOnlyForDeploymentPostprocessing = 0;
		};
/* End PBXSourcesBuildPhase section */

/* Begin PBXTargetDependency section */
		298CD4D62A7BA8ED000E5DD0 /* PBXTargetDependency */ = {
			isa = PBXTargetDependency;
			target = 298CD4BD2A7BA8EC000E5DD0 /* benchmarks */;
			targetProxy = 298CD4D52A7BA8ED000E5DD0 /* PBXContainerItemProxy */;
		};
		298CD4E02A7BA8ED000E5DD0 /* PBXTargetDependency */ = {
			isa = PBXTargetDependency;
			target = 298CD4BD2A7BA8EC000E5DD0 /* benchmarks */;
			targetProxy = 298CD4DF2A7BA8ED000E5DD0 /* PBXContainerItemProxy */;
		};
/* End PBXTargetDependency section */

/* Begin XCBuildConfiguration section */
		298CD4E62A7BA8ED000E5DD0 /* Debug */ = {
			isa = XCBuildConfiguration;
			buildSettings = {
				ALWAYS_SEARCH_USER_PATHS = NO;
				CLANG_ANALYZER_NONNULL = YES;
				CLANG_ANALYZER_NUMBER_OBJECT_CONVERSION = YES_AGGRESSIVE;
				CLANG_CXX_LANGUAGE_STANDARD = "gnu++20";
				CLANG_ENABLE_MODULES = YES;
				CLANG_ENABLE_OBJC_ARC = YES;
				CLANG_ENABLE_OBJC_WEAK = YES;
				CLANG_WARN_BLOCK_CAPTURE_AUTORELEASING = YES;
				CLANG_WARN_BOOL_CONVERSION = YES;
				CLANG_WARN_COMMA = YES;
				CLANG_WARN_CONSTANT_CONVERSION = YES;
				CLANG_WARN_DEPRECATED_OBJC_IMPLEMENTATIONS = YES;
				CLANG_WARN_DIRECT_OBJC_ISA_USAGE = YES_ERROR;
				CLANG_WARN_DOCUMENTATION_COMMENTS = YES;
				CLANG_WARN_EMPTY_BODY = YES;
				CLANG_WARN_ENUM_CONVERSION = YES;
				CLANG_WARN_INFINITE_RECURSION = YES;
				CLANG_WARN_INT_CONVERSION = YES;
				CLANG_WARN_NON_LITERAL_NULL_CONVERSION = YES;
				CLANG_WARN_OBJC_IMPLICIT_RETAIN_SELF = YES;
				CLANG_WARN_OBJC_LITERAL_CONVERSION = YES;
				CLANG_WARN_OBJC_ROOT_CLASS = YES_ERROR;
				CLANG_WARN_QUOTED_INCLUDE_IN_FRAMEWORK_HEADER = YES;
				CLANG_WARN_RANGE_LOOP_ANALYSIS = YES;
				CLANG_WARN_STRICT_PROTOTYPES = YES;
				CLANG_WARN_SUSPICIOUS_MOVE = YES;
				CLANG_WARN_UNGUARDED_AVAILABILITY = YES_AGGRESSIVE;
				CLANG_WARN_UNREACHABLE_CODE = YES;
				CLANG_WARN__DUPLICATE_METHOD_MATCH = YES;
				COPY_PHASE_STRIP = NO;
				DEBUG_INFORMATION_FORMAT = dwarf;
				ENABLE_STRICT_OBJC_MSGSEND = YES;
				ENABLE_TESTABILITY = YES;
				GCC_C_LANGUAGE_STANDARD = gnu11;
				GCC_DYNAMIC_NO_PIC = NO;
				GCC_NO_COMMON_BLOCKS = YES;
				GCC_OPTIMIZATION_LEVEL = 0;
				GCC_PREPROCESSOR_DEFINITIONS = (
					"DEBUG=1",
					"$(inherited)",
				);
				GCC_WARN_64_TO_32_BIT_CONVERSION = YES;
				GCC_WARN_ABOUT_RETURN_TYPE = YES_ERROR;
				GCC_WARN_UNDECLARED_SELECTOR = YES;
				GCC_WARN_UNINITIALIZED_AUTOS = YES_AGGRESSIVE;
				GCC_WARN_UNUSED_FUNCTION = YES;
				GCC_WARN_UNUSED_VARIABLE = YES;
				IPHONEOS_DEPLOYMENT_TARGET = 16.3;
				MACOSX_DEPLOYMENT_TARGET = 13.0;
				MTL_ENABLE_DEBUG_INFO = INCLUDE_SOURCE;
				MTL_FAST_MATH = YES;
				ONLY_ACTIVE_ARCH = YES;
				SWIFT_ACTIVE_COMPILATION_CONDITIONS = DEBUG;
				SWIFT_OPTIMIZATION_LEVEL = "-Onone";
			};
			name = Debug;
		};
		298CD4E72A7BA8ED000E5DD0 /* Release */ = {
			isa = XCBuildConfiguration;
			buildSettings = {
				ALWAYS_SEARCH_USER_PATHS = NO;
				CLANG_ANALYZER_NONNULL = YES;
				CLANG_ANALYZER_NUMBER_OBJECT_CONVERSION = YES_AGGRESSIVE;
				CLANG_CXX_LANGUAGE_STANDARD = "gnu++20";
				CLANG_ENABLE_MODULES = YES;
				CLANG_ENABLE_OBJC_ARC = YES;
				CLANG_ENABLE_OBJC_WEAK = YES;
				CLANG_WARN_BLOCK_CAPTURE_AUTORELEASING = YES;
				CLANG_WARN_BOOL_CONVERSION = YES;
				CLANG_WARN_COMMA = YES;
				CLANG_WARN_CONSTANT_CONVERSION = YES;
				CLANG_WARN_DEPRECATED_OBJC_IMPLEMENTATIONS = YES;
				CLANG_WARN_DIRECT_OBJC_ISA_USAGE = YES_ERROR;
				CLANG_WARN_DOCUMENTATION_COMMENTS = YES;
				CLANG_WARN_EMPTY_BODY = YES;
				CLANG_WARN_ENUM_CONVERSION = YES;
				CLANG_WARN_INFINITE_RECURSION = YES;
				CLANG_WARN_INT_CONVERSION = YES;
				CLANG_WARN_NON_LITERAL_NULL_CONVERSION = YES;
				CLANG_WARN_OBJC_IMPLICIT_RETAIN_SELF = YES;
				CLANG_WARN_OBJC_LITERAL_CONVERSION = YES;
				CLANG_WARN_OBJC_ROOT_CLASS = YES_ERROR;
				CLANG_WARN_QUOTED_INCLUDE_IN_FRAMEWORK_HEADER = YES;
				CLANG_WARN_RANGE_LOOP_ANALYSIS = YES;
				CLANG_WARN_STRICT_PROTOTYPES = YES;
				CLANG_WARN_SUSPICIOUS_MOVE = YES;
				CLANG_WARN_UNGUARDED_AVAILABILITY = YES_AGGRESSIVE;
				CLANG_WARN_UNREACHABLE_CODE = YES;
				CLANG_WARN__DUPLICATE_METHOD_MATCH = YES;
				COPY_PHASE_STRIP = NO;
				DEBUG_INFORMATION_FORMAT = "dwarf-with-dsym";
				ENABLE_NS_ASSERTIONS = NO;
				ENABLE_STRICT_OBJC_MSGSEND = YES;
				GCC_C_LANGUAGE_STANDARD = gnu11;
				GCC_NO_COMMON_BLOCKS = YES;
				GCC_WARN_64_TO_32_BIT_CONVERSION = YES;
				GCC_WARN_ABOUT_RETURN_TYPE = YES_ERROR;
				GCC_WARN_UNDECLARED_SELECTOR = YES;
				GCC_WARN_UNINITIALIZED_AUTOS = YES_AGGRESSIVE;
				GCC_WARN_UNUSED_FUNCTION = YES;
				GCC_WARN_UNUSED_VARIABLE = YES;
				IPHONEOS_DEPLOYMENT_TARGET = 16.3;
				MACOSX_DEPLOYMENT_TARGET = 13.0;
				MTL_ENABLE_DEBUG_INFO = NO;
				MTL_FAST_MATH = YES;
				SWIFT_COMPILATION_MODE = wholemodule;
				SWIFT_OPTIMIZATION_LEVEL = "-O";
			};
			name = Release;
		};
		298CD4E92A7BA8ED000E5DD0 /* Debug */ = {
			isa = XCBuildConfiguration;
			buildSettings = {
				ASSETCATALOG_COMPILER_APPICON_NAME = AppIcon;
				ASSETCATALOG_COMPILER_GLOBAL_ACCENT_COLOR_NAME = AccentColor;
				CODE_SIGN_ENTITLEMENTS = benchmarks/benchmarks.entitlements;
				CODE_SIGN_STYLE = Automatic;
				CURRENT_PROJECT_VERSION = 1;
				DEVELOPMENT_ASSET_PATHS = "\"benchmarks/Preview Content\"";
				ENABLE_PREVIEWS = YES;
				GENERATE_INFOPLIST_FILE = YES;
				"INFOPLIST_KEY_UIApplicationSceneManifest_Generation[sdk=iphoneos*]" = YES;
				"INFOPLIST_KEY_UIApplicationSceneManifest_Generation[sdk=iphonesimulator*]" = YES;
				"INFOPLIST_KEY_UIApplicationSupportsIndirectInputEvents[sdk=iphoneos*]" = YES;
				"INFOPLIST_KEY_UIApplicationSupportsIndirectInputEvents[sdk=iphonesimulator*]" = YES;
				"INFOPLIST_KEY_UILaunchScreen_Generation[sdk=iphoneos*]" = YES;
				"INFOPLIST_KEY_UILaunchScreen_Generation[sdk=iphonesimulator*]" = YES;
				"INFOPLIST_KEY_UIStatusBarStyle[sdk=iphoneos*]" = UIStatusBarStyleDefault;
				"INFOPLIST_KEY_UIStatusBarStyle[sdk=iphonesimulator*]" = UIStatusBarStyleDefault;
				INFOPLIST_KEY_UISupportedInterfaceOrientations_iPad = "UIInterfaceOrientationPortrait UIInterfaceOrientationPortraitUpsideDown UIInterfaceOrientationLandscapeLeft UIInterfaceOrientationLandscapeRight";
				INFOPLIST_KEY_UISupportedInterfaceOrientations_iPhone = "UIInterfaceOrientationPortrait UIInterfaceOrientationLandscapeLeft UIInterfaceOrientationLandscapeRight";
				IPHONEOS_DEPLOYMENT_TARGET = 16.4;
				LD_RUNPATH_SEARCH_PATHS = "@executable_path/Frameworks";
				"LD_RUNPATH_SEARCH_PATHS[sdk=macosx*]" = "@executable_path/../Frameworks";
				MACOSX_DEPLOYMENT_TARGET = 13.3;
				MARKETING_VERSION = 1.0;
				PRODUCT_BUNDLE_IDENTIFIER = com.duckdb.benchmarks;
				PRODUCT_NAME = "$(TARGET_NAME)";
				SDKROOT = auto;
				SUPPORTED_PLATFORMS = "iphoneos iphonesimulator macosx";
				SWIFT_EMIT_LOC_STRINGS = YES;
				SWIFT_VERSION = 5.0;
				TARGETED_DEVICE_FAMILY = "1,2";
			};
			name = Debug;
		};
		298CD4EA2A7BA8ED000E5DD0 /* Release */ = {
			isa = XCBuildConfiguration;
			buildSettings = {
				ASSETCATALOG_COMPILER_APPICON_NAME = AppIcon;
				ASSETCATALOG_COMPILER_GLOBAL_ACCENT_COLOR_NAME = AccentColor;
				CODE_SIGN_ENTITLEMENTS = benchmarks/benchmarks.entitlements;
				CODE_SIGN_STYLE = Automatic;
				CURRENT_PROJECT_VERSION = 1;
				DEVELOPMENT_ASSET_PATHS = "\"benchmarks/Preview Content\"";
				ENABLE_PREVIEWS = YES;
				GENERATE_INFOPLIST_FILE = YES;
				"INFOPLIST_KEY_UIApplicationSceneManifest_Generation[sdk=iphoneos*]" = YES;
				"INFOPLIST_KEY_UIApplicationSceneManifest_Generation[sdk=iphonesimulator*]" = YES;
				"INFOPLIST_KEY_UIApplicationSupportsIndirectInputEvents[sdk=iphoneos*]" = YES;
				"INFOPLIST_KEY_UIApplicationSupportsIndirectInputEvents[sdk=iphonesimulator*]" = YES;
				"INFOPLIST_KEY_UILaunchScreen_Generation[sdk=iphoneos*]" = YES;
				"INFOPLIST_KEY_UILaunchScreen_Generation[sdk=iphonesimulator*]" = YES;
				"INFOPLIST_KEY_UIStatusBarStyle[sdk=iphoneos*]" = UIStatusBarStyleDefault;
				"INFOPLIST_KEY_UIStatusBarStyle[sdk=iphonesimulator*]" = UIStatusBarStyleDefault;
				INFOPLIST_KEY_UISupportedInterfaceOrientations_iPad = "UIInterfaceOrientationPortrait UIInterfaceOrientationPortraitUpsideDown UIInterfaceOrientationLandscapeLeft UIInterfaceOrientationLandscapeRight";
				INFOPLIST_KEY_UISupportedInterfaceOrientations_iPhone = "UIInterfaceOrientationPortrait UIInterfaceOrientationLandscapeLeft UIInterfaceOrientationLandscapeRight";
				IPHONEOS_DEPLOYMENT_TARGET = 16.4;
				LD_RUNPATH_SEARCH_PATHS = "@executable_path/Frameworks";
				"LD_RUNPATH_SEARCH_PATHS[sdk=macosx*]" = "@executable_path/../Frameworks";
				MACOSX_DEPLOYMENT_TARGET = 13.3;
				MARKETING_VERSION = 1.0;
				PRODUCT_BUNDLE_IDENTIFIER = com.duckdb.benchmarks;
				PRODUCT_NAME = "$(TARGET_NAME)";
				SDKROOT = auto;
				SUPPORTED_PLATFORMS = "iphoneos iphonesimulator macosx";
				SWIFT_EMIT_LOC_STRINGS = YES;
				SWIFT_VERSION = 5.0;
				TARGETED_DEVICE_FAMILY = "1,2";
			};
			name = Release;
		};
		298CD4EC2A7BA8ED000E5DD0 /* Debug */ = {
			isa = XCBuildConfiguration;
			buildSettings = {
				ALWAYS_EMBED_SWIFT_STANDARD_LIBRARIES = YES;
				BUNDLE_LOADER = "$(TEST_HOST)";
				CODE_SIGN_STYLE = Automatic;
				CURRENT_PROJECT_VERSION = 1;
				GENERATE_INFOPLIST_FILE = YES;
				IPHONEOS_DEPLOYMENT_TARGET = 16.4;
				MACOSX_DEPLOYMENT_TARGET = 13.3;
				MARKETING_VERSION = 1.0;
				PRODUCT_BUNDLE_IDENTIFIER = com.duckdb.benchmarksTests;
				PRODUCT_NAME = "$(TARGET_NAME)";
				SDKROOT = auto;
				SUPPORTED_PLATFORMS = "iphoneos iphonesimulator macosx";
				SWIFT_EMIT_LOC_STRINGS = NO;
				SWIFT_VERSION = 5.0;
				TARGETED_DEVICE_FAMILY = "1,2";
				TEST_HOST = "$(BUILT_PRODUCTS_DIR)/benchmarks.app/$(BUNDLE_EXECUTABLE_FOLDER_PATH)/benchmarks";
			};
			name = Debug;
		};
		298CD4ED2A7BA8ED000E5DD0 /* Release */ = {
			isa = XCBuildConfiguration;
			buildSettings = {
				ALWAYS_EMBED_SWIFT_STANDARD_LIBRARIES = YES;
				BUNDLE_LOADER = "$(TEST_HOST)";
				CODE_SIGN_STYLE = Automatic;
				CURRENT_PROJECT_VERSION = 1;
				GENERATE_INFOPLIST_FILE = YES;
				IPHONEOS_DEPLOYMENT_TARGET = 16.4;
				MACOSX_DEPLOYMENT_TARGET = 13.3;
				MARKETING_VERSION = 1.0;
				PRODUCT_BUNDLE_IDENTIFIER = com.duckdb.benchmarksTests;
				PRODUCT_NAME = "$(TARGET_NAME)";
				SDKROOT = auto;
				SUPPORTED_PLATFORMS = "iphoneos iphonesimulator macosx";
				SWIFT_EMIT_LOC_STRINGS = NO;
				SWIFT_VERSION = 5.0;
				TARGETED_DEVICE_FAMILY = "1,2";
				TEST_HOST = "$(BUILT_PRODUCTS_DIR)/benchmarks.app/$(BUNDLE_EXECUTABLE_FOLDER_PATH)/benchmarks";
			};
			name = Release;
		};
		298CD4EF2A7BA8ED000E5DD0 /* Debug */ = {
			isa = XCBuildConfiguration;
			buildSettings = {
				ALWAYS_EMBED_SWIFT_STANDARD_LIBRARIES = YES;
				CODE_SIGN_STYLE = Automatic;
				CURRENT_PROJECT_VERSION = 1;
				GENERATE_INFOPLIST_FILE = YES;
				IPHONEOS_DEPLOYMENT_TARGET = 16.4;
				MACOSX_DEPLOYMENT_TARGET = 13.3;
				MARKETING_VERSION = 1.0;
				PRODUCT_BUNDLE_IDENTIFIER = com.duckdb.benchmarksUITests;
				PRODUCT_NAME = "$(TARGET_NAME)";
				SDKROOT = auto;
				SUPPORTED_PLATFORMS = "iphoneos iphonesimulator macosx";
				SWIFT_EMIT_LOC_STRINGS = NO;
				SWIFT_VERSION = 5.0;
				TARGETED_DEVICE_FAMILY = "1,2";
				TEST_TARGET_NAME = benchmarks;
			};
			name = Debug;
		};
		298CD4F02A7BA8ED000E5DD0 /* Release */ = {
			isa = XCBuildConfiguration;
			buildSettings = {
				ALWAYS_EMBED_SWIFT_STANDARD_LIBRARIES = YES;
				CODE_SIGN_STYLE = Automatic;
				CURRENT_PROJECT_VERSION = 1;
				GENERATE_INFOPLIST_FILE = YES;
				IPHONEOS_DEPLOYMENT_TARGET = 16.4;
				MACOSX_DEPLOYMENT_TARGET = 13.3;
				MARKETING_VERSION = 1.0;
				PRODUCT_BUNDLE_IDENTIFIER = com.duckdb.benchmarksUITests;
				PRODUCT_NAME = "$(TARGET_NAME)";
				SDKROOT = auto;
				SUPPORTED_PLATFORMS = "iphoneos iphonesimulator macosx";
				SWIFT_EMIT_LOC_STRINGS = NO;
				SWIFT_VERSION = 5.0;
				TARGETED_DEVICE_FAMILY = "1,2";
				TEST_TARGET_NAME = benchmarks;
			};
			name = Release;
		};
/* End XCBuildConfiguration section */

/* Begin XCConfigurationList section */
		298CD4B92A7BA8EC000E5DD0 /* Build configuration list for PBXProject "benchmarks" */ = {
			isa = XCConfigurationList;
			buildConfigurations = (
				298CD4E62A7BA8ED000E5DD0 /* Debug */,
				298CD4E72A7BA8ED000E5DD0 /* Release */,
			);
			defaultConfigurationIsVisible = 0;
			defaultConfigurationName = Release;
		};
		298CD4E82A7BA8ED000E5DD0 /* Build configuration list for PBXNativeTarget "benchmarks" */ = {
			isa = XCConfigurationList;
			buildConfigurations = (
				298CD4E92A7BA8ED000E5DD0 /* Debug */,
				298CD4EA2A7BA8ED000E5DD0 /* Release */,
			);
			defaultConfigurationIsVisible = 0;
			defaultConfigurationName = Release;
		};
		298CD4EB2A7BA8ED000E5DD0 /* Build configuration list for PBXNativeTarget "benchmarksTests" */ = {
			isa = XCConfigurationList;
			buildConfigurations = (
				298CD4EC2A7BA8ED000E5DD0 /* Debug */,
				298CD4ED2A7BA8ED000E5DD0 /* Release */,
			);
			defaultConfigurationIsVisible = 0;
			defaultConfigurationName = Release;
		};
		298CD4EE2A7BA8ED000E5DD0 /* Build configuration list for PBXNativeTarget "benchmarksUITests" */ = {
			isa = XCConfigurationList;
			buildConfigurations = (
				298CD4EF2A7BA8ED000E5DD0 /* Debug */,
				298CD4F02A7BA8ED000E5DD0 /* Release */,
			);
			defaultConfigurationIsVisible = 0;
			defaultConfigurationName = Release;
		};
/* End XCConfigurationList section */

/* Begin XCRemoteSwiftPackageReference section */
		2937DD9D2A7BAD320095988F /* XCRemoteSwiftPackageReference "duckdb-swift" */ = {
			isa = XCRemoteSwiftPackageReference;
			repositoryURL = "https://github.com/duckdb/duckdb-swift";
			requirement = {
				kind = upToNextMajorVersion;
				minimumVersion = 0.8.1;
			};
		};
		2937DDA82A7BDF7D0095988F /* XCRemoteSwiftPackageReference "realm-swift" */ = {
			isa = XCRemoteSwiftPackageReference;
			repositoryURL = "https://github.com/realm/realm-swift.git";
			requirement = {
				kind = upToNextMajorVersion;
				minimumVersion = 10.42.0;
			};
		};
/* End XCRemoteSwiftPackageReference section */

/* Begin XCSwiftPackageProductDependency section */
		2937DD9E2A7BAD320095988F /* DuckDB */ = {
			isa = XCSwiftPackageProductDependency;
			package = 2937DD9D2A7BAD320095988F /* XCRemoteSwiftPackageReference "duckdb-swift" */;
			productName = DuckDB;
		};
		2937DDA92A7BDF7D0095988F /* Realm */ = {
			isa = XCSwiftPackageProductDependency;
			package = 2937DDA82A7BDF7D0095988F /* XCRemoteSwiftPackageReference "realm-swift" */;
			productName = Realm;
		};
		2937DDAB2A7BDF7D0095988F /* RealmSwift */ = {
			isa = XCSwiftPackageProductDependency;
			package = 2937DDA82A7BDF7D0095988F /* XCRemoteSwiftPackageReference "realm-swift" */;
			productName = RealmSwift;
		};
/* End XCSwiftPackageProductDependency section */

/* Begin XCVersionGroup section */
		298CD4C52A7BA8EC000E5DD0 /* benchmarks.xcdatamodeld */ = {
			isa = XCVersionGroup;
			children = (
				298CD4C62A7BA8EC000E5DD0 /* benchmarks.xcdatamodel */,
			);
			currentVersion = 298CD4C62A7BA8EC000E5DD0 /* benchmarks.xcdatamodel */;
			path = benchmarks.xcdatamodeld;
			sourceTree = "<group>";
			versionGroupType = wrapper.xcdatamodel;
		};
/* End XCVersionGroup section */
	};
	rootObject = 298CD4B62A7BA8EC000E5DD0 /* Project object */;
}
